Microsoft Visual Studio Solution File, Format Version 12.00
# Visual Studio 2012
Project("{FAE04EC0-301F-11D3-BF4B-00C04F79EFBC}") = "Platformer", "Platformer.csproj", "{560235F2-CAFF-4FEC-BB62-EAB6DEC728BD}"
EndProject
Global
	GlobalSection(SolutionConfigurationPlatforms) = preSolution
	Debug|Any CPU = Debug|Any CPU
	ExportDebug|Any CPU = ExportDebug|Any CPU
	ExportRelease|Any CPU = ExportRelease|Any CPU
	EndGlobalSection
	GlobalSection(ProjectConfigurationPlatforms) = postSolution
		{560235F2-CAFF-4FEC-BB62-EAB6DEC728BD}.Debug|Any CPU.ActiveCfg = Debug|Any CPU
		{560235F2-CAFF-4FEC-BB62-EAB6DEC728BD}.Debug|Any CPU.Build.0 = Debug|Any CPU
		{560235F2-CAFF-4FEC-BB62-EAB6DEC728BD}.ExportDebug|Any CPU.ActiveCfg = ExportDebug|Any CPU
		{560235F2-CAFF-4FEC-BB62-EAB6DEC728BD}.ExportDebug|Any CPU.Build.0 = ExportDebug|Any CPU
		{560235F2-CAFF-4FEC-BB62-EAB6DEC728BD}.ExportRelease|Any CPU.ActiveCfg = ExportRelease|Any CPU
		{560235F2-CAFF-4FEC-BB62-EAB6DEC728BD}.ExportRelease|Any CPU.Build.0 = ExportRelease|Any CPU
	EndGlobalSection
EndGlobal
